{
  "requires": true,
  "lockfileVersion": 1,
  "dependencies": {
    "vue": {
      "version": "2.6.0",
      "resolved": "https://registry.npmjs.org/vue/-/vue-2.6.0.tgz",
      "integrity": "sha512-QSKHpmV17wqDmS5jVCc8X9LyTcCCQP4M1RTRpLBO+hRveePduJaGz1FGjVpRVcE6cKYbhsooz6RW7GWLGNjKGg=="
    }
  }
}
